// !$*UTF8*$!
{
	archiveVersion = 1;
	classes = {
	};
	objectVersion = 50;
	objects = {

/* Begin PBXBuildFile section */
		5B2EDA3224560978009F0D99 /* picker.cpp in Sources */ = {isa = PBXBuildFile; fileRef = 5B2EDA2A24560977009F0D99 /* picker.cpp */; };
		5B2EDA3324560978009F0D99 /* scenegraph.cpp in Sources */ = {isa = PBXBuildFile; fileRef = 5B2EDA2B24560977009F0D99 /* scenegraph.cpp */; };
		5B2EDA3424560978009F0D99 /* texture.cpp in Sources */ = {isa = PBXBuildFile; fileRef = 5B2EDA2C24560978009F0D99 /* texture.cpp */; };
		5B2EDA3524560978009F0D99 /* material.cpp in Sources */ = {isa = PBXBuildFile; fileRef = 5B2EDA2D24560978009F0D99 /* material.cpp */; };
		5B2EDA3624560978009F0D99 /* renderstates.cpp in Sources */ = {isa = PBXBuildFile; fileRef = 5B2EDA2E24560978009F0D99 /* renderstates.cpp */; };
		5B2EDA3724560978009F0D99 /* ppm.cpp in Sources */ = {isa = PBXBuildFile; fileRef = 5B2EDA2F24560978009F0D99 /* ppm.cpp */; };
		5B2EDA3824560978009F0D99 /* glsupport.cpp in Sources */ = {isa = PBXBuildFile; fileRef = 5B2EDA3024560978009F0D99 /* glsupport.cpp */; };
		5B2EDA3924560978009F0D99 /* geometry.cpp in Sources */ = {isa = PBXBuildFile; fileRef = 5B2EDA3124560978009F0D99 /* geometry.cpp */; };
		5BDDEE8C245511B000C35F24 /* OpenGL.framework in Frameworks */ = {isa = PBXBuildFile; fileRef = 5BDDEE8B245511B000C35F24 /* OpenGL.framework */; };
		5BDDEE8E245511B900C35F24 /* GLUT.framework in Frameworks */ = {isa = PBXBuildFile; fileRef = 5BDDEE8D245511B900C35F24 /* GLUT.framework */; };
		5BDDEE9324553C3000C35F24 /* main.cpp in Sources */ = {isa = PBXBuildFile; fileRef = 5BDDEE9224553C3000C35F24 /* main.cpp */; };
/* End PBXBuildFile section */

/* Begin PBXCopyFilesBuildPhase section */
		5BDDEE7E2455119400C35F24 /* CopyFiles */ = {
			isa = PBXCopyFilesBuildPhase;
			buildActionMask = 2147483647;
			dstPath = /usr/share/man/man1/;
			dstSubfolderSpec = 0;
			files = (
			);
			runOnlyForDeploymentPostprocessing = 1;
		};
/* End PBXCopyFilesBuildPhase section */

/* Begin PBXFileReference section */
		5B26C55A24556F74003E1B12 /* GL */ = {isa = PBXFileReference; lastKnownFileType = folder; path = GL; sourceTree = "<group>"; };
		5B2EDA2A24560977009F0D99 /* picker.cpp */ = {isa = PBXFileReference; fileEncoding = 4; lastKnownFileType = sourcecode.cpp.cpp; path = picker.cpp; sourceTree = "<group>"; };
		5B2EDA2B24560977009F0D99 /* scenegraph.cpp */ = {isa = PBXFileReference; fileEncoding = 4; lastKnownFileType = sourcecode.cpp.cpp; path = scenegraph.cpp; sourceTree = "<group>"; };
		5B2EDA2C24560978009F0D99 /* texture.cpp */ = {isa = PBXFileReference; fileEncoding = 4; lastKnownFileType = sourcecode.cpp.cpp; path = texture.cpp; sourceTree = "<group>"; };
		5B2EDA2D24560978009F0D99 /* material.cpp */ = {isa = PBXFileReference; fileEncoding = 4; lastKnownFileType = sourcecode.cpp.cpp; path = material.cpp; sourceTree = "<group>"; };
		5B2EDA2E24560978009F0D99 /* renderstates.cpp */ = {isa = PBXFileReference; fileEncoding = 4; lastKnownFileType = sourcecode.cpp.cpp; path = renderstates.cpp; sourceTree = "<group>"; };
		5B2EDA2F24560978009F0D99 /* ppm.cpp */ = {isa = PBXFileReference; fileEncoding = 4; lastKnownFileType = sourcecode.cpp.cpp; path = ppm.cpp; sourceTree = "<group>"; };
		5B2EDA3024560978009F0D99 /* glsupport.cpp */ = {isa = PBXFileReference; fileEncoding = 4; lastKnownFileType = sourcecode.cpp.cpp; path = glsupport.cpp; sourceTree = "<group>"; };
		5B2EDA3124560978009F0D99 /* geometry.cpp */ = {isa = PBXFileReference; fileEncoding = 4; lastKnownFileType = sourcecode.cpp.cpp; path = geometry.cpp; sourceTree = "<group>"; };
		5B69648C2459396100DF8443 /* textures */ = {isa = PBXFileReference; lastKnownFileType = folder; path = textures; sourceTree = "<group>"; };
		5B6F8E2C245672BE0002D7D0 /* shaders */ = {isa = PBXFileReference; lastKnownFileType = folder; path = shaders; sourceTree = "<group>"; };
		5BDDEE802455119400C35F24 /* Soaking */ = {isa = PBXFileReference; explicitFileType = "compiled.mach-o.executable"; includeInIndex = 0; path = Soaking; sourceTree = BUILT_PRODUCTS_DIR; };
		5BDDEE8B245511B000C35F24 /* OpenGL.framework */ = {isa = PBXFileReference; lastKnownFileType = wrapper.framework; name = OpenGL.framework; path = System/Library/Frameworks/OpenGL.framework; sourceTree = SDKROOT; };
		5BDDEE8D245511B900C35F24 /* GLUT.framework */ = {isa = PBXFileReference; lastKnownFileType = wrapper.framework; name = GLUT.framework; path = System/Library/Frameworks/GLUT.framework; sourceTree = SDKROOT; };
		5BDDEE9224553C3000C35F24 /* main.cpp */ = {isa = PBXFileReference; lastKnownFileType = sourcecode.cpp.cpp; path = main.cpp; sourceTree = "<group>"; };
		5BDDEEAD24554FE100C35F24 /* headers */ = {isa = PBXFileReference; lastKnownFileType = folder; path = headers; sourceTree = "<group>"; };
/* End PBXFileReference section */

/* Begin PBXFrameworksBuildPhase section */
		5BDDEE7D2455119400C35F24 /* Frameworks */ = {
			isa = PBXFrameworksBuildPhase;
			buildActionMask = 2147483647;
			files = (
				5BDDEE8E245511B900C35F24 /* GLUT.framework in Frameworks */,
				5BDDEE8C245511B000C35F24 /* OpenGL.framework in Frameworks */,
			);
			runOnlyForDeploymentPostprocessing = 0;
		};
/* End PBXFrameworksBuildPhase section */

/* Begin PBXGroup section */
		5BDDEE772455119400C35F24 = {
			isa = PBXGroup;
			children = (
				5BDDEE9224553C3000C35F24 /* main.cpp */,
				5B2EDA3124560978009F0D99 /* geometry.cpp */,
				5B2EDA3024560978009F0D99 /* glsupport.cpp */,
				5B2EDA2D24560978009F0D99 /* material.cpp */,
				5B2EDA2A24560977009F0D99 /* picker.cpp */,
				5B2EDA2F24560978009F0D99 /* ppm.cpp */,
				5B2EDA2E24560978009F0D99 /* renderstates.cpp */,
				5B2EDA2B24560977009F0D99 /* scenegraph.cpp */,
				5B2EDA2C24560978009F0D99 /* texture.cpp */,
				5B69648C2459396100DF8443 /* textures */,
				5B6F8E2C245672BE0002D7D0 /* shaders */,
				5B26C55A24556F74003E1B12 /* GL */,
				5BDDEEAD24554FE100C35F24 /* headers */,
				5BDDEE812455119400C35F24 /* Products */,
				5BDDEE8A245511B000C35F24 /* Frameworks */,
			);
			sourceTree = "<group>";
		};
		5BDDEE812455119400C35F24 /* Products */ = {
			isa = PBXGroup;
			children = (
				5BDDEE802455119400C35F24 /* Soaking */,
			);
			name = Products;
			sourceTree = "<group>";
		};
		5BDDEE8A245511B000C35F24 /* Frameworks */ = {
			isa = PBXGroup;
			children = (
				5BDDEE8D245511B900C35F24 /* GLUT.framework */,
				5BDDEE8B245511B000C35F24 /* OpenGL.framework */,
			);
			name = Frameworks;
			sourceTree = "<group>";
		};
/* End PBXGroup section */

/* Begin PBXNativeTarget section */
		5BDDEE7F2455119400C35F24 /* Soaking */ = {
			isa = PBXNativeTarget;
			buildConfigurationList = 5BDDEE872455119400C35F24 /* Build configuration list for PBXNativeTarget "Soaking" */;
			buildPhases = (
				5BDDEE7C2455119400C35F24 /* Sources */,
				5BDDEE7D2455119400C35F24 /* Frameworks */,
				5BDDEE7E2455119400C35F24 /* CopyFiles */,
			);
			buildRules = (
			);
			dependencies = (
			);
			name = Soaking;
			productName = Soaking;
			productReference = 5BDDEE802455119400C35F24 /* Soaking */;
			productType = "com.apple.product-type.tool";
		};
/* End PBXNativeTarget section */

/* Begin PBXProject section */
		5BDDEE782455119400C35F24 /* Project object */ = {
			isa = PBXProject;
			attributes = {
				LastUpgradeCheck = 1140;
				ORGANIZATIONNAME = Dugyu;
				TargetAttributes = {
					5BDDEE7F2455119400C35F24 = {
						CreatedOnToolsVersion = 11.4.1;
					};
				};
			};
			buildConfigurationList = 5BDDEE7B2455119400C35F24 /* Build configuration list for PBXProject "Soaking" */;
			compatibilityVersion = "Xcode 9.3";
			developmentRegion = en;
			hasScannedForEncodings = 0;
			knownRegions = (
				en,
				Base,
			);
			mainGroup = 5BDDEE772455119400C35F24;
			productRefGroup = 5BDDEE812455119400C35F24 /* Products */;
			projectDirPath = "";
			projectRoot = "";
			targets = (
				5BDDEE7F2455119400C35F24 /* Soaking */,
			);
		};
/* End PBXProject section */

/* Begin PBXSourcesBuildPhase section */
		5BDDEE7C2455119400C35F24 /* Sources */ = {
			isa = PBXSourcesBuildPhase;
			buildActionMask = 2147483647;
			files = (
				5B2EDA3524560978009F0D99 /* material.cpp in Sources */,
				5B2EDA3224560978009F0D99 /* picker.cpp in Sources */,
				5B2EDA3824560978009F0D99 /* glsupport.cpp in Sources */,
				5B2EDA3924560978009F0D99 /* geometry.cpp in Sources */,
				5BDDEE9324553C3000C35F24 /* main.cpp in Sources */,
				5B2EDA3324560978009F0D99 /* scenegraph.cpp in Sources */,
				5B2EDA3724560978009F0D99 /* ppm.cpp in Sources */,
				5B2EDA3624560978009F0D99 /* renderstates.cpp in Sources */,
				5B2EDA3424560978009F0D99 /* texture.cpp in Sources */,
			);
			runOnlyForDeploymentPostprocessing = 0;
		};
/* End PBXSourcesBuildPhase section */

/* Begin XCBuildConfiguration section */
		5BDDEE852455119400C35F24 /* Debug */ = {
			isa = XCBuildConfiguration;
			buildSettings = {
				ALWAYS_SEARCH_USER_PATHS = YES;
				CLANG_ANALYZER_NONNULL = YES;
				CLANG_ANALYZER_NUMBER_OBJECT_CONVERSION = YES_AGGRESSIVE;
				CLANG_CXX_LANGUAGE_STANDARD = "c++0x";
				CLANG_CXX_LIBRARY = "libc++";
				CLANG_ENABLE_MODULES = YES;
				CLANG_ENABLE_OBJC_ARC = YES;
				CLANG_ENABLE_OBJC_WEAK = YES;
				CLANG_WARN_BLOCK_CAPTURE_AUTORELEASING = YES;
				CLANG_WARN_BOOL_CONVERSION = YES;
				CLANG_WARN_COMMA = YES;
				CLANG_WARN_CONSTANT_CONVERSION = YES;
				CLANG_WARN_DEPRECATED_OBJC_IMPLEMENTATIONS = YES;
				CLANG_WARN_DIRECT_OBJC_ISA_USAGE = YES_ERROR;
				CLANG_WARN_DOCUMENTATION_COMMENTS = YES;
				CLANG_WARN_EMPTY_BODY = YES;
				CLANG_WARN_ENUM_CONVERSION = YES;
				CLANG_WARN_INFINITE_RECURSION = YES;
				CLANG_WARN_INT_CONVERSION = YES;
				CLANG_WARN_NON_LITERAL_NULL_CONVERSION = YES;
				CLANG_WARN_OBJC_IMPLICIT_RETAIN_SELF = YES;
				CLANG_WARN_OBJC_LITERAL_CONVERSION = YES;
				CLANG_WARN_OBJC_ROOT_CLASS = YES_ERROR;
				CLANG_WARN_RANGE_LOOP_ANALYSIS = YES;
				CLANG_WARN_STRICT_PROTOTYPES = YES;
				CLANG_WARN_SUSPICIOUS_MOVE = YES;
				CLANG_WARN_UNGUARDED_AVAILABILITY = YES_AGGRESSIVE;
				CLANG_WARN_UNREACHABLE_CODE = YES;
				CLANG_WARN__DUPLICATE_METHOD_MATCH = YES;
				CONFIGURATION_BUILD_DIR = .;
				COPY_PHASE_STRIP = NO;
				DEBUG_INFORMATION_FORMAT = dwarf;
				ENABLE_STRICT_OBJC_MSGSEND = YES;
				ENABLE_TESTABILITY = YES;
				GCC_C_LANGUAGE_STANDARD = gnu99;
				GCC_DYNAMIC_NO_PIC = NO;
				GCC_NO_COMMON_BLOCKS = YES;
				GCC_OPTIMIZATION_LEVEL = s;
				GCC_PREPROCESSOR_DEFINITIONS = (
					"DEBUG=1",
					"$(inherited)",
				);
				GCC_WARN_64_TO_32_BIT_CONVERSION = YES;
				GCC_WARN_ABOUT_RETURN_TYPE = YES_ERROR;
				GCC_WARN_UNDECLARED_SELECTOR = YES;
				GCC_WARN_UNINITIALIZED_AUTOS = YES_AGGRESSIVE;
				GCC_WARN_UNUSED_FUNCTION = YES;
				GCC_WARN_UNUSED_VARIABLE = YES;
				MACOSX_DEPLOYMENT_TARGET = 10.10;
				MTL_ENABLE_DEBUG_INFO = YES;
				MTL_FAST_MATH = YES;
				OBJROOT = build;
				ONLY_ACTIVE_ARCH = YES;
				SDKROOT = macosx;
				SYMROOT = .;
			};
			name = Debug;
		};
		5BDDEE862455119400C35F24 /* Release */ = {
			isa = XCBuildConfiguration;
			buildSettings = {
				ALWAYS_SEARCH_USER_PATHS = YES;
				CLANG_ANALYZER_NONNULL = YES;
				CLANG_ANALYZER_NUMBER_OBJECT_CONVERSION = YES_AGGRESSIVE;
				CLANG_CXX_LANGUAGE_STANDARD = "c++0x";
				CLANG_CXX_LIBRARY = "libc++";
				CLANG_ENABLE_MODULES = YES;
				CLANG_ENABLE_OBJC_ARC = YES;
				CLANG_ENABLE_OBJC_WEAK = YES;
				CLANG_WARN_BLOCK_CAPTURE_AUTORELEASING = YES;
				CLANG_WARN_BOOL_CONVERSION = YES;
				CLANG_WARN_COMMA = YES;
				CLANG_WARN_CONSTANT_CONVERSION = YES;
				CLANG_WARN_DEPRECATED_OBJC_IMPLEMENTATIONS = YES;
				CLANG_WARN_DIRECT_OBJC_ISA_USAGE = YES_ERROR;
				CLANG_WARN_DOCUMENTATION_COMMENTS = YES;
				CLANG_WARN_EMPTY_BODY = YES;
				CLANG_WARN_ENUM_CONVERSION = YES;
				CLANG_WARN_INFINITE_RECURSION = YES;
				CLANG_WARN_INT_CONVERSION = YES;
				CLANG_WARN_NON_LITERAL_NULL_CONVERSION = YES;
				CLANG_WARN_OBJC_IMPLICIT_RETAIN_SELF = YES;
				CLANG_WARN_OBJC_LITERAL_CONVERSION = YES;
				CLANG_WARN_OBJC_ROOT_CLASS = YES_ERROR;
				CLANG_WARN_RANGE_LOOP_ANALYSIS = YES;
				CLANG_WARN_STRICT_PROTOTYPES = YES;
				CLANG_WARN_SUSPICIOUS_MOVE = YES;
				CLANG_WARN_UNGUARDED_AVAILABILITY = YES_AGGRESSIVE;
				CLANG_WARN_UNREACHABLE_CODE = YES;
				CLANG_WARN__DUPLICATE_METHOD_MATCH = YES;
				CONFIGURATION_BUILD_DIR = .;
				COPY_PHASE_STRIP = NO;
				DEBUG_INFORMATION_FORMAT = "dwarf-with-dsym";
				ENABLE_NS_ASSERTIONS = NO;
				ENABLE_STRICT_OBJC_MSGSEND = YES;
				GCC_C_LANGUAGE_STANDARD = gnu99;
				GCC_NO_COMMON_BLOCKS = YES;
				GCC_WARN_64_TO_32_BIT_CONVERSION = YES;
				GCC_WARN_ABOUT_RETURN_TYPE = YES_ERROR;
				GCC_WARN_UNDECLARED_SELECTOR = YES;
				GCC_WARN_UNINITIALIZED_AUTOS = YES_AGGRESSIVE;
				GCC_WARN_UNUSED_FUNCTION = YES;
				GCC_WARN_UNUSED_VARIABLE = YES;
				MACOSX_DEPLOYMENT_TARGET = 10.10;
				MTL_ENABLE_DEBUG_INFO = NO;
				MTL_FAST_MATH = YES;
				OBJROOT = build;
				SDKROOT = macosx;
				SYMROOT = .;
				"USER_HEADER_SEARCH_PATHS[arch=*]" = "";
			};
			name = Release;
		};
		5BDDEE882455119400C35F24 /* Debug */ = {
			isa = XCBuildConfiguration;
			buildSettings = {
				CODE_SIGN_STYLE = Automatic;
				DEVELOPMENT_TEAM = G9S7QW8SUY;
				ENABLE_HARDENED_RUNTIME = YES;
				MACOSX_DEPLOYMENT_TARGET = 10.10;
				PRODUCT_NAME = "$(TARGET_NAME)";
			};
			name = Debug;
		};
		5BDDEE892455119400C35F24 /* Release */ = {
			isa = XCBuildConfiguration;
			buildSettings = {
				CODE_SIGN_STYLE = Automatic;
				DEVELOPMENT_TEAM = G9S7QW8SUY;
				ENABLE_HARDENED_RUNTIME = YES;
				MACOSX_DEPLOYMENT_TARGET = 10.10;
				PRODUCT_NAME = "$(TARGET_NAME)";
			};
			name = Release;
		};
/* End XCBuildConfiguration section */

/* Begin XCConfigurationList section */
		5BDDEE7B2455119400C35F24 /* Build configuration list for PBXProject "Soaking" */ = {
			isa = XCConfigurationList;
			buildConfigurations = (
				5BDDEE852455119400C35F24 /* Debug */,
				5BDDEE862455119400C35F24 /* Release */,
			);
			defaultConfigurationIsVisible = 0;
			defaultConfigurationName = Release;
		};
		5BDDEE872455119400C35F24 /* Build configuration list for PBXNativeTarget "Soaking" */ = {
			isa = XCConfigurationList;
			buildConfigurations = (
				5BDDEE882455119400C35F24 /* Debug */,
				5BDDEE892455119400C35F24 /* Release */,
			);
			defaultConfigurationIsVisible = 0;
			defaultConfigurationName = Release;
		};
/* End XCConfigurationList section */
	};
	rootObject = 5BDDEE782455119400C35F24 /* Project object */;
}
